
Microsoft Visual Studio Solution File, Format Version 12.00
# Visual Studio Version 17
VisualStudioVersion = 17.12.35323.107
MinimumVisualStudioVersion = 10.0.40219.1
Project("{FAE04EC0-301F-11D3-BF4B-00C04F79EFBC}") = "oyunum", "oyunum\oyunum.csproj", "{5C27FFEF-10A7-475D-8452-7905E2F973FD}"
EndProject
Global
	GlobalSection(SolutionConfigurationPlatforms) = preSolution
		Debug|Any CPU = Debug|Any CPU
		Release|Any CPU = Release|Any CPU
	EndGlobalSection
	GlobalSection(ProjectConfigurationPlatforms) = postSolution
		{5C27FFEF-10A7-475D-8452-7905E2F973FD}.Debug|Any CPU.ActiveCfg = Debug|Any CPU
		{5C27FFEF-10A7-475D-8452-7905E2F973FD}.Debug|Any CPU.Build.0 = Debug|Any CPU
		{5C27FFEF-10A7-475D-8452-7905E2F973FD}.Release|Any CPU.ActiveCfg = Release|Any CPU
		{5C27FFEF-10A7-475D-8452-7905E2F973FD}.Release|Any CPU.Build.0 = Release|Any CPU
	EndGlobalSection
	GlobalSection(SolutionProperties) = preSolution
		HideSolutionNode = FALSE
	EndGlobalSection
	GlobalSection(ExtensibilityGlobals) = postSolution
		SolutionGuid = {236AF4DA-887C-4267-B04E-65BCCEBD51FF}
	EndGlobalSection
EndGlobal
